
Microsoft Visual Studio Solution File, Format Version 12.00
# Visual Studio Version 17
VisualStudioVersion = 17.5.002.0
MinimumVisualStudioVersion = 10.0.40219.1
Project("{9A19103F-16F7-4668-BE54-9A1E7A4F7556}") = "TASK_8", "TASK_8.csproj", "{0DB6858E-80D9-4FE5-A816-CAFB48A50A5C}"
EndProject
Global
	GlobalSection(SolutionConfigurationPlatforms) = preSolution
		Debug|Any CPU = Debug|Any CPU
		Release|Any CPU = Release|Any CPU
	EndGlobalSection
	GlobalSection(ProjectConfigurationPlatforms) = postSolution
		{0DB6858E-80D9-4FE5-A816-CAFB48A50A5C}.Debug|Any CPU.ActiveCfg = Debug|Any CPU
		{0DB6858E-80D9-4FE5-A816-CAFB48A50A5C}.Debug|Any CPU.Build.0 = Debug|Any CPU
		{0DB6858E-80D9-4FE5-A816-CAFB48A50A5C}.Release|Any CPU.ActiveCfg = Release|Any CPU
		{0DB6858E-80D9-4FE5-A816-CAFB48A50A5C}.Release|Any CPU.Build.0 = Release|Any CPU
	EndGlobalSection
	GlobalSection(SolutionProperties) = preSolution
		HideSolutionNode = FALSE
	EndGlobalSection
	GlobalSection(ExtensibilityGlobals) = postSolution
		SolutionGuid = {EF7F40DB-2DE3-4061-8716-4AD36D53029A}
	EndGlobalSection
EndGlobal
