
Microsoft Visual Studio Solution File, Format Version 12.00
# Visual Studio Version 17
VisualStudioVersion = 17.5.002.0
MinimumVisualStudioVersion = 10.0.40219.1
Project("{9A19103F-16F7-4668-BE54-9A1E7A4F7556}") = "TASK_6", "TASK_6.csproj", "{62F66949-384F-4DBF-BCDE-12DD71D6DBC5}"
EndProject
Global
	GlobalSection(SolutionConfigurationPlatforms) = preSolution
		Debug|Any CPU = Debug|Any CPU
		Release|Any CPU = Release|Any CPU
	EndGlobalSection
	GlobalSection(ProjectConfigurationPlatforms) = postSolution
		{62F66949-384F-4DBF-BCDE-12DD71D6DBC5}.Debug|Any CPU.ActiveCfg = Debug|Any CPU
		{62F66949-384F-4DBF-BCDE-12DD71D6DBC5}.Debug|Any CPU.Build.0 = Debug|Any CPU
		{62F66949-384F-4DBF-BCDE-12DD71D6DBC5}.Release|Any CPU.ActiveCfg = Release|Any CPU
		{62F66949-384F-4DBF-BCDE-12DD71D6DBC5}.Release|Any CPU.Build.0 = Release|Any CPU
	EndGlobalSection
	GlobalSection(SolutionProperties) = preSolution
		HideSolutionNode = FALSE
	EndGlobalSection
	GlobalSection(ExtensibilityGlobals) = postSolution
		SolutionGuid = {AE5C6741-8582-4BED-9BD1-B32507B67496}
	EndGlobalSection
EndGlobal
